
Microsoft Visual Studio Solution File, Format Version 12.00
# Visual Studio 15
Project("{FAE04EC0-301F-11D3-BF4B-00C04F79EFBC}") = "Assembly-CSharp", "Assembly-CSharp.csproj", "{3364D97B-A22F-9A5A-6121-AB63E07F8A6B}"
EndProject
Project("{FAE04EC0-301F-11D3-BF4B-00C04F79EFBC}") = "Assembly-CSharp-Editor", "Assembly-CSharp-Editor.csproj", "{37802C8F-EF69-C0AB-B395-2E4BD1017F74}"
EndProject
Global
	GlobalSection(SolutionConfigurationPlatforms) = preSolution
		Debug|Any CPU = Debug|Any CPU
		Release|Any CPU = Release|Any CPU
	EndGlobalSection
	GlobalSection(ProjectConfigurationPlatforms) = postSolution
		{3364D97B-A22F-9A5A-6121-AB63E07F8A6B}.Debug|Any CPU.ActiveCfg = Debug|Any CPU
		{3364D97B-A22F-9A5A-6121-AB63E07F8A6B}.Debug|Any CPU.Build.0 = Debug|Any CPU
		{3364D97B-A22F-9A5A-6121-AB63E07F8A6B}.Release|Any CPU.ActiveCfg = Release|Any CPU
		{3364D97B-A22F-9A5A-6121-AB63E07F8A6B}.Release|Any CPU.Build.0 = Release|Any CPU
		{37802C8F-EF69-C0AB-B395-2E4BD1017F74}.Debug|Any CPU.ActiveCfg = Debug|Any CPU
		{37802C8F-EF69-C0AB-B395-2E4BD1017F74}.Debug|Any CPU.Build.0 = Debug|Any CPU
		{37802C8F-EF69-C0AB-B395-2E4BD1017F74}.Release|Any CPU.ActiveCfg = Release|Any CPU
		{37802C8F-EF69-C0AB-B395-2E4BD1017F74}.Release|Any CPU.Build.0 = Release|Any CPU
	EndGlobalSection
	GlobalSection(SolutionProperties) = preSolution
		HideSolutionNode = FALSE
	EndGlobalSection
EndGlobal
